{
  "name": "peach_todo_app",
  "version": "1.0.0",
  "lockfileVersion": 1,
  "requires": true,
  "dependencies": {
    "angular": {
      "version": "1.5.8",
      "resolved": "https://registry.npmjs.org/angular/-/angular-1.5.8.tgz",
      "integrity": "sha1-klpTkrjCEtCVctxEbbfgEmTglMs="
    },
    "angular-animate": {
      "version": "1.5.8",
      "resolved": "https://registry.npmjs.org/angular-animate/-/angular-animate-1.5.8.tgz",
      "integrity": "sha1-U19zaSJaun+xW/cTTHGxW8Y1xYY="
    },
    "angular-aria": {
      "version": "1.5.8",
      "resolved": "https://registry.npmjs.org/angular-aria/-/angular-aria-1.5.8.tgz",
      "integrity": "sha1-VY+gfcgsb6V7FDjmYLvc/LgFovU="
    },
    "angular-cache": {
      "version": "4.6.0",
      "resolved": "https://registry.npmjs.org/angular-cache/-/angular-cache-4.6.0.tgz",
      "integrity": "sha1-XMkK0Sc/sVAgXcHHG4FBrjnki/8="
    },
    "angular-cookies": {
      "version": "1.5.8",
      "resolved": "https://registry.npmjs.org/angular-cookies/-/angular-cookies-1.5.8.tgz",
      "integrity": "sha1-CPOfouF7bjqRbNO6c1L51wLoqf4="
    },
    "angular-material": {
      "version": "1.1.9",
      "resolved": "https://registry.npmjs.org/angular-material/-/angular-material-1.1.9.tgz",
      "integrity": "sha512-kxyigi+7823k/31qQ0j6wL5FkCe/mw2bAg1kfEFzIvhUoe5Myr+0YoQyN8D8EGaaOyolXU/VPtxgKSfOCSLEBw=="
    },
    "angular-messages": {
      "version": "1.5.8",
      "resolved": "https://registry.npmjs.org/angular-messages/-/angular-messages-1.5.8.tgz",
      "integrity": "sha1-H5HR5/P08uWrWt7+4smnGWsaNM8="
    },
    "angular-mocks": {
      "version": "1.5.8",
      "resolved": "https://registry.npmjs.org/angular-mocks/-/angular-mocks-1.5.8.tgz",
      "integrity": "sha1-LpOZBWZp8oamgTlrw1rg18XHDRY=",
      "dev": true
    },
    "angular-route": {
      "version": "1.5.8",
      "resolved": "https://registry.npmjs.org/angular-route/-/angular-route-1.5.8.tgz",
      "integrity": "sha1-lkCT3n7I3FeZvVapOmzl9gCVZ0s="
    },
    "angular-sanitize": {
      "version": "1.5.8",
      "resolved": "https://registry.npmjs.org/angular-sanitize/-/angular-sanitize-1.5.8.tgz",
      "integrity": "sha1-GDL2lIfuggohy+MAVaj7G98perg="
    },
    "big.js": {
      "version": "3.2.0",
      "resolved": "https://registry.npmjs.org/big.js/-/big.js-3.2.0.tgz",
      "integrity": "sha512-+hN/Zh2D08Mx65pZ/4g5bsmNiZUuChDiQfTUQ7qJr4/kuopCr88xZsAXv6mBoZEsUI4OuGHlX59qE94K2mMW8Q=="
    },
    "bower": {
      "version": "1.8.4",
      "resolved": "https://registry.npmjs.org/bower/-/bower-1.8.4.tgz",
      "integrity": "sha1-54dqB23rgTf30GUl3F6MZtuC8oo="
    },
    "emojis-list": {
      "version": "2.1.0",
      "resolved": "https://registry.npmjs.org/emojis-list/-/emojis-list-2.1.0.tgz",
      "integrity": "sha1-TapNnbAPmBmIDHn6RXrlsJof04k="
    },
    "encoding": {
      "version": "0.1.12",
      "resolved": "https://registry.npmjs.org/encoding/-/encoding-0.1.12.tgz",
      "integrity": "sha1-U4tm8+5izRq1HsMjgp0flIDHS+s=",
      "requires": {
        "iconv-lite": "0.4.23"
      }
    },
    "exports-loader": {
      "version": "0.7.0",
      "resolved": "https://registry.npmjs.org/exports-loader/-/exports-loader-0.7.0.tgz",
      "integrity": "sha512-RKwCrO4A6IiKm0pG3c9V46JxIHcDplwwGJn6+JJ1RcVnh/WSGJa0xkmk5cRVtgOPzCAtTMGj2F7nluh9L0vpSA==",
      "requires": {
        "loader-utils": "1.1.0",
        "source-map": "0.5.0"
      },
      "dependencies": {
        "source-map": {
          "version": "0.5.0",
          "resolved": "https://registry.npmjs.org/source-map/-/source-map-0.5.0.tgz",
          "integrity": "sha1-D+llA6yGpa213mP05BKuSHLNvoY="
        }
      }
    },
    "iconv-lite": {
      "version": "0.4.23",
      "resolved": "https://registry.npmjs.org/iconv-lite/-/iconv-lite-0.4.23.tgz",
      "integrity": "sha512-neyTUVFtahjf0mB3dZT77u+8O0QB89jFdnBkd5P1JgYPbPaia3gXXOVL2fq8VyU2gMMD7SaN7QukTB/pmXYvDA==",
      "requires": {
        "safer-buffer": "2.1.2"
      }
    },
    "imports-loader": {
      "version": "0.8.0",
      "resolved": "https://registry.npmjs.org/imports-loader/-/imports-loader-0.8.0.tgz",
      "integrity": "sha512-kXWL7Scp8KQ4552ZcdVTeaQCZSLW+e6nJfp3cwUMB673T7Hr98Xjx5JK+ql7ADlJUvj1JS5O01RLbKoutN5QDQ==",
      "requires": {
        "loader-utils": "1.1.0",
        "source-map": "0.6.1"
      }
    },
    "is-stream": {
      "version": "1.1.0",
      "resolved": "https://registry.npmjs.org/is-stream/-/is-stream-1.1.0.tgz",
      "integrity": "sha1-EtSj3U5o4Lec6428hBc66A2RykQ="
    },
    "isomorphic-fetch": {
      "version": "2.2.1",
      "resolved": "https://registry.npmjs.org/isomorphic-fetch/-/isomorphic-fetch-2.2.1.tgz",
      "integrity": "sha1-YRrhrPFPXoH3KVB0coGf6XM1WKk=",
      "requires": {
        "node-fetch": "1.7.3",
        "whatwg-fetch": "2.0.4"
      }
    },
    "js-cookie": {
      "version": "2.2.0",
      "resolved": "https://registry.npmjs.org/js-cookie/-/js-cookie-2.2.0.tgz",
      "integrity": "sha1-Gywnmm7s44ChIWi5JIUmWzWx7/s="
    },
    "json5": {
      "version": "0.5.1",
      "resolved": "https://registry.npmjs.org/json5/-/json5-0.5.1.tgz",
      "integrity": "sha1-Hq3nrMASA0rYTiOWdn6tn6VJWCE="
    },
    "loader-utils": {
      "version": "1.1.0",
      "resolved": "https://registry.npmjs.org/loader-utils/-/loader-utils-1.1.0.tgz",
      "integrity": "sha1-yYrvSIvM7aL/teLeZG1qdUQp9c0=",
      "requires": {
        "big.js": "3.2.0",
        "emojis-list": "2.1.0",
        "json5": "0.5.1"
      }
    },
    "lodash": {
      "version": "4.17.10",
      "resolved": "https://registry.npmjs.org/lodash/-/lodash-4.17.10.tgz",
      "integrity": "sha512-UejweD1pDoXu+AD825lWwp4ZGtSwgnpZxb3JDViD7StjQz+Nb/6l093lx4OQ0foGWNRoc19mWy7BzL+UAK2iVg=="
    },
    "moment": {
      "version": "2.22.2",
      "resolved": "https://registry.npmjs.org/moment/-/moment-2.22.2.tgz",
      "integrity": "sha1-PCV/mDn8DpP/UxSWMiOeuQeD/2Y="
    },
    "moment-timezone": {
      "version": "0.5.17",
      "resolved": "https://registry.npmjs.org/moment-timezone/-/moment-timezone-0.5.17.tgz",
      "integrity": "sha512-Y/JpVEWIOA9Gho4vO15MTnW1FCmHi3ypprrkUaxsZ1TKg3uqC8q/qMBjTddkHoiwwZN3qvZSr4zJP7x9V3LpXA==",
      "requires": {
        "moment": "2.22.2"
      }
    },
    "ng-peach": {
      "version": "2.2.4",
      "resolved": "https://registry.npmjs.org/ng-peach/-/ng-peach-2.2.4.tgz",
      "integrity": "sha512-TwsRJ4AXt2xX3FZJ82Y/LSvnXCoQQm0sWx7cSalNmSLDwXcOYhKywhSOsMtiVhNZZtzJ+iST8OfBMAMDlP4/2w==",
      "requires": {
        "angular": "1.5.8",
        "angular-animate": "1.5.8",
        "angular-aria": "1.5.8",
        "angular-cache": "4.6.0",
        "angular-cookies": "1.5.8",
        "angular-material": "1.1.7",
        "angular-messages": "1.6.9",
        "lodash": "4.17.5",
        "moment-timezone": "0.5.14",
        "peach": "1.1.1",
        "source-map": "0.6.1"
      },
      "dependencies": {
        "angular-material": {
          "version": "1.1.7",
          "resolved": "https://registry.npmjs.org/angular-material/-/angular-material-1.1.7.tgz",
          "integrity": "sha512-nIEkTk2BfEmqOLXtBFrc39aAwDsM3oNXOQBUqtTA8cxD0OjTKAnkfJaVPWmqFa/h3pt1JhvP+R2Ispg9/skl4A=="
        },
        "angular-messages": {
          "version": "1.6.9",
          "resolved": "https://registry.npmjs.org/angular-messages/-/angular-messages-1.6.9.tgz",
          "integrity": "sha512-/2xvG6vDC+Us8h0baSa1siDKwPj5R2A7LldxxhK2339HInc09bq9shMVCUy9zqnuvwnDUJ/DSgkSaBoSHSZrqg=="
        },
        "lodash": {
          "version": "4.17.5",
          "resolved": "https://registry.npmjs.org/lodash/-/lodash-4.17.5.tgz",
          "integrity": "sha512-svL3uiZf1RwhH+cWrfZn3A4+U58wbP0tGVTLQPbjplZxZ8ROD9VLuNgsRniTlLe7OlSqR79RUehXgpBW/s0IQw=="
        },
        "moment-timezone": {
          "version": "0.5.14",
          "resolved": "https://registry.npmjs.org/moment-timezone/-/moment-timezone-0.5.14.tgz",
          "integrity": "sha1-TrOP+VOLgBCLpGekWPPtQmjM/LE=",
          "requires": {
            "moment": "2.22.2"
          }
        }
      }
    },
    "node-fetch": {
      "version": "1.7.3",
      "resolved": "https://registry.npmjs.org/node-fetch/-/node-fetch-1.7.3.tgz",
      "integrity": "sha512-NhZ4CsKx7cYm2vSrBAr2PvFOe6sWDf0UYLRqA6svUYg7+/TSfVAu49jYC4BvQ4Sms9SZgdqGBgroqfDhJdTyKQ==",
      "requires": {
        "encoding": "0.1.12",
        "is-stream": "1.1.0"
      }
    },
    "peach": {
      "version": "1.1.1",
      "resolved": "https://registry.npmjs.org/peach/-/peach-1.1.1.tgz",
      "integrity": "sha512-K3tV9d825sxZhqbbjNXDBSTFBPZIJG2D4NKtbGnvfEzH9J/iydwXaXwhK46C84lTJQJHQqzq/TvwIGZ/XkuHoA==",
      "requires": {
        "exports-loader": "0.7.0",
        "imports-loader": "0.8.0",
        "isomorphic-fetch": "2.2.1",
        "js-cookie": "2.2.0"
      }
    },
    "peach.css": {
      "version": "0.8.1",
      "resolved": "https://registry.npmjs.org/peach.css/-/peach.css-0.8.1.tgz",
      "integrity": "sha512-myKnwLnT3+wCx179jLFZgMZPrplte5P6RD/d98Z9ObOrI8iufkrFRUcFIlLcjLdm9fVKyJZLbvvh9cSR3IHNaQ==",
      "requires": {
        "bower": "1.8.4"
      }
    },
    "safer-buffer": {
      "version": "2.1.2",
      "resolved": "https://registry.npmjs.org/safer-buffer/-/safer-buffer-2.1.2.tgz",
      "integrity": "sha512-YZo3K82SD7Riyi0E1EQPojLz7kpepnSQI9IyPbHHg1XXXevb5dJI7tpyN2ADxGcQbHG7vcyRHk0cbwqcQriUtg=="
    },
    "source-map": {
      "version": "0.6.1",
      "resolved": "https://registry.npmjs.org/source-map/-/source-map-0.6.1.tgz",
      "integrity": "sha512-UjgapumWlbMhkBgzT7Ykc5YXUT46F0iKu8SGXq0bcwP5dz/h0Plj6enJqjz1Zbq2l5WaqYnrVbwWOWMyF3F47g=="
    },
    "whatwg-fetch": {
      "version": "2.0.4",
      "resolved": "https://registry.npmjs.org/whatwg-fetch/-/whatwg-fetch-2.0.4.tgz",
      "integrity": "sha512-dcQ1GWpOD/eEQ97k66aiEVpNnapVj90/+R+SXTPYGHpYBBypfKJEQjLrvMZ7YXbKm21gXd4NcuxUTjiv1YtLng=="
    }
  }
}
